
Microsoft Visual Studio Solution File, Format Version 12.00
# Visual Studio Version 17
VisualStudioVersion = 17.9.34622.214
MinimumVisualStudioVersion = 10.0.40219.1
Project("{8BC9CEB8-8B4A-11D0-8D11-00A0C91BC942}") = "LW1_Tor", "LW1_Tor.vcxproj", "{20014649-41DB-44C5-A5E9-2BE0D58C982F}"
EndProject
Global
	GlobalSection(SolutionConfigurationPlatforms) = preSolution
		Debug|x64 = Debug|x64
		Debug|x86 = Debug|x86
		Release|x64 = Release|x64
		Release|x86 = Release|x86
	EndGlobalSection
	GlobalSection(ProjectConfigurationPlatforms) = postSolution
		{20014649-41DB-44C5-A5E9-2BE0D58C982F}.Debug|x64.ActiveCfg = Debug|x64
		{20014649-41DB-44C5-A5E9-2BE0D58C982F}.Debug|x64.Build.0 = Debug|x64
		{20014649-41DB-44C5-A5E9-2BE0D58C982F}.Debug|x86.ActiveCfg = Debug|Win32
		{20014649-41DB-44C5-A5E9-2BE0D58C982F}.Debug|x86.Build.0 = Debug|Win32
		{20014649-41DB-44C5-A5E9-2BE0D58C982F}.Release|x64.ActiveCfg = Release|x64
		{20014649-41DB-44C5-A5E9-2BE0D58C982F}.Release|x64.Build.0 = Release|x64
		{20014649-41DB-44C5-A5E9-2BE0D58C982F}.Release|x86.ActiveCfg = Release|Win32
		{20014649-41DB-44C5-A5E9-2BE0D58C982F}.Release|x86.Build.0 = Release|Win32
	EndGlobalSection
	GlobalSection(SolutionProperties) = preSolution
		HideSolutionNode = FALSE
	EndGlobalSection
	GlobalSection(ExtensibilityGlobals) = postSolution
		SolutionGuid = {FDD1256D-1E00-4E9C-AEA5-9B3C2CEE30D7}
	EndGlobalSection
EndGlobal
